// !$*UTF8*$!
{
	archiveVersion = 1;
	classes = {
	};
	objectVersion = 46;
	objects = {

/* Begin PBXBuildFile section */
		B4E01C6E13A0EEA2EBC68CA9 /* libPods-TestTaskBZ.a in Frameworks */ = {isa = PBXBuildFile; fileRef = C56F797071631252F104FEAE /* libPods-TestTaskBZ.a */; };
		CE02FAE81C59278C0014B3AA /* main.m in Sources */ = {isa = PBXBuildFile; fileRef = CE02FAE71C59278C0014B3AA /* main.m */; };
		CE02FAEB1C59278C0014B3AA /* BZAppDelegate.m in Sources */ = {isa = PBXBuildFile; fileRef = CE02FAEA1C59278C0014B3AA /* BZAppDelegate.m */; };
		CE02FAEE1C59278C0014B3AA /* BZMainViewController.m in Sources */ = {isa = PBXBuildFile; fileRef = CE02FAED1C59278C0014B3AA /* BZMainViewController.m */; };
		CE02FAF41C59278C0014B3AA /* TestTaskBZ.xcdatamodeld in Sources */ = {isa = PBXBuildFile; fileRef = CE02FAF21C59278C0014B3AA /* TestTaskBZ.xcdatamodeld */; };
		CE02FAF61C59278C0014B3AA /* Assets.xcassets in Resources */ = {isa = PBXBuildFile; fileRef = CE02FAF51C59278C0014B3AA /* Assets.xcassets */; };
		CE02FB041C59278C0014B3AA /* TestTaskBZTests.m in Sources */ = {isa = PBXBuildFile; fileRef = CE02FB031C59278C0014B3AA /* TestTaskBZTests.m */; };
		CE02FB0F1C59278C0014B3AA /* TestTaskBZUITests.m in Sources */ = {isa = PBXBuildFile; fileRef = CE02FB0E1C59278C0014B3AA /* TestTaskBZUITests.m */; };
		CE02FB3F1C593EE10014B3AA /* BZCategory+CoreDataProperties.m in Sources */ = {isa = PBXBuildFile; fileRef = CE02FB381C593EE10014B3AA /* BZCategory+CoreDataProperties.m */; };
		CE02FB401C593EE10014B3AA /* BZCategory.m in Sources */ = {isa = PBXBuildFile; fileRef = CE02FB3A1C593EE10014B3AA /* BZCategory.m */; };
		CE02FB421C593EE10014B3AA /* BZQuestion.m in Sources */ = {isa = PBXBuildFile; fileRef = CE02FB3E1C593EE10014B3AA /* BZQuestion.m */; };
		CE02FB461C59625A0014B3AA /* TestTaskBZ.sqlite in Resources */ = {isa = PBXBuildFile; fileRef = CE02FB451C59625A0014B3AA /* TestTaskBZ.sqlite */; };
		CE0642341C5E1F5300611B4F /* BZUtils.m in Sources */ = {isa = PBXBuildFile; fileRef = CE0642331C5E1F5300611B4F /* BZUtils.m */; };
		CE83B5BD1C5CB799008A798E /* BZTableHeader.m in Sources */ = {isa = PBXBuildFile; fileRef = CE83B5BC1C5CB799008A798E /* BZTableHeader.m */; };
		CE83B5C31C5D5EEA008A798E /* BZQuestion+CoreDataProperties.m in Sources */ = {isa = PBXBuildFile; fileRef = CE83B5C21C5D5EEA008A798E /* BZQuestion+CoreDataProperties.m */; };
		CEBE8DF21C5A79C800130D8C /* BZMenuCellCollectionViewCell.m in Sources */ = {isa = PBXBuildFile; fileRef = CEBE8DF11C5A79C800130D8C /* BZMenuCellCollectionViewCell.m */; };
		CEBE8DF51C5ABB2B00130D8C /* BZTableCell.m in Sources */ = {isa = PBXBuildFile; fileRef = CEBE8DF41C5ABB2B00130D8C /* BZTableCell.m */; };
/* End PBXBuildFile section */

/* Begin PBXContainerItemProxy section */
		CE02FB001C59278C0014B3AA /* PBXContainerItemProxy */ = {
			isa = PBXContainerItemProxy;
			containerPortal = CE02FADB1C59278C0014B3AA /* Project object */;
			proxyType = 1;
			remoteGlobalIDString = CE02FAE21C59278C0014B3AA;
			remoteInfo = TestTaskBZ;
		};
		CE02FB0B1C59278C0014B3AA /* PBXContainerItemProxy */ = {
			isa = PBXContainerItemProxy;
			containerPortal = CE02FADB1C59278C0014B3AA /* Project object */;
			proxyType = 1;
			remoteGlobalIDString = CE02FAE21C59278C0014B3AA;
			remoteInfo = TestTaskBZ;
		};
/* End PBXContainerItemProxy section */

/* Begin PBXFileReference section */
		2EEF423A0A86E4B56175DA6D /* Pods-TestTaskBZ.release.xcconfig */ = {isa = PBXFileReference; includeInIndex = 1; lastKnownFileType = text.xcconfig; name = "Pods-TestTaskBZ.release.xcconfig"; path = "Pods/Target Support Files/Pods-TestTaskBZ/Pods-TestTaskBZ.release.xcconfig"; sourceTree = "<group>"; };
		5821AFB1D5AC421E2B8741AA /* Pods-TestTaskBZ.debug.xcconfig */ = {isa = PBXFileReference; includeInIndex = 1; lastKnownFileType = text.xcconfig; name = "Pods-TestTaskBZ.debug.xcconfig"; path = "Pods/Target Support Files/Pods-TestTaskBZ/Pods-TestTaskBZ.debug.xcconfig"; sourceTree = "<group>"; };
		C56F797071631252F104FEAE /* libPods-TestTaskBZ.a */ = {isa = PBXFileReference; explicitFileType = archive.ar; includeInIndex = 0; path = "libPods-TestTaskBZ.a"; sourceTree = BUILT_PRODUCTS_DIR; };
		CE02FAE31C59278C0014B3AA /* TestTaskBZ.app */ = {isa = PBXFileReference; explicitFileType = wrapper.application; includeInIndex = 0; path = TestTaskBZ.app; sourceTree = BUILT_PRODUCTS_DIR; };
		CE02FAE71C59278C0014B3AA /* main.m */ = {isa = PBXFileReference; lastKnownFileType = sourcecode.c.objc; path = main.m; sourceTree = "<group>"; };
		CE02FAE91C59278C0014B3AA /* BZAppDelegate.h */ = {isa = PBXFileReference; lastKnownFileType = sourcecode.c.h; path = BZAppDelegate.h; sourceTree = "<group>"; };
		CE02FAEA1C59278C0014B3AA /* BZAppDelegate.m */ = {isa = PBXFileReference; lastKnownFileType = sourcecode.c.objc; path = BZAppDelegate.m; sourceTree = "<group>"; };
		CE02FAEC1C59278C0014B3AA /* BZMainViewController.h */ = {isa = PBXFileReference; lastKnownFileType = sourcecode.c.h; path = BZMainViewController.h; sourceTree = "<group>"; };
		CE02FAED1C59278C0014B3AA /* BZMainViewController.m */ = {isa = PBXFileReference; lastKnownFileType = sourcecode.c.objc; path = BZMainViewController.m; sourceTree = "<group>"; };
		CE02FAF31C59278C0014B3AA /* TestTaskBZ.xcdatamodel */ = {isa = PBXFileReference; lastKnownFileType = wrapper.xcdatamodel; path = TestTaskBZ.xcdatamodel; sourceTree = "<group>"; };
		CE02FAF51C59278C0014B3AA /* Assets.xcassets */ = {isa = PBXFileReference; lastKnownFileType = folder.assetcatalog; path = Assets.xcassets; sourceTree = "<group>"; };
		CE02FAFA1C59278C0014B3AA /* Info.plist */ = {isa = PBXFileReference; lastKnownFileType = text.plist.xml; path = Info.plist; sourceTree = "<group>"; };
		CE02FAFF1C59278C0014B3AA /* TestTaskBZTests.xctest */ = {isa = PBXFileReference; explicitFileType = wrapper.cfbundle; includeInIndex = 0; path = TestTaskBZTests.xctest; sourceTree = BUILT_PRODUCTS_DIR; };
		CE02FB031C59278C0014B3AA /* TestTaskBZTests.m */ = {isa = PBXFileReference; lastKnownFileType = sourcecode.c.objc; path = TestTaskBZTests.m; sourceTree = "<group>"; };
		CE02FB051C59278C0014B3AA /* Info.plist */ = {isa = PBXFileReference; lastKnownFileType = text.plist.xml; path = Info.plist; sourceTree = "<group>"; };
		CE02FB0A1C59278C0014B3AA /* TestTaskBZUITests.xctest */ = {isa = PBXFileReference; explicitFileType = wrapper.cfbundle; includeInIndex = 0; path = TestTaskBZUITests.xctest; sourceTree = BUILT_PRODUCTS_DIR; };
		CE02FB0E1C59278C0014B3AA /* TestTaskBZUITests.m */ = {isa = PBXFileReference; lastKnownFileType = sourcecode.c.objc; path = TestTaskBZUITests.m; sourceTree = "<group>"; };
		CE02FB101C59278C0014B3AA /* Info.plist */ = {isa = PBXFileReference; lastKnownFileType = text.plist.xml; path = Info.plist; sourceTree = "<group>"; };
		CE02FB371C593EE10014B3AA /* BZCategory+CoreDataProperties.h */ = {isa = PBXFileReference; fileEncoding = 4; lastKnownFileType = sourcecode.c.h; path = "BZCategory+CoreDataProperties.h"; sourceTree = "<group>"; };
		CE02FB381C593EE10014B3AA /* BZCategory+CoreDataProperties.m */ = {isa = PBXFileReference; fileEncoding = 4; lastKnownFileType = sourcecode.c.objc; path = "BZCategory+CoreDataProperties.m"; sourceTree = "<group>"; };
		CE02FB391C593EE10014B3AA /* BZCategory.h */ = {isa = PBXFileReference; fileEncoding = 4; lastKnownFileType = sourcecode.c.h; path = BZCategory.h; sourceTree = "<group>"; };
		CE02FB3A1C593EE10014B3AA /* BZCategory.m */ = {isa = PBXFileReference; fileEncoding = 4; lastKnownFileType = sourcecode.c.objc; path = BZCategory.m; sourceTree = "<group>"; };
		CE02FB3D1C593EE10014B3AA /* BZQuestion.h */ = {isa = PBXFileReference; fileEncoding = 4; lastKnownFileType = sourcecode.c.h; path = BZQuestion.h; sourceTree = "<group>"; };
		CE02FB3E1C593EE10014B3AA /* BZQuestion.m */ = {isa = PBXFileReference; fileEncoding = 4; lastKnownFileType = sourcecode.c.objc; path = BZQuestion.m; sourceTree = "<group>"; };
		CE02FB451C59625A0014B3AA /* TestTaskBZ.sqlite */ = {isa = PBXFileReference; lastKnownFileType = file; path = TestTaskBZ.sqlite; sourceTree = "<group>"; };
		CE0642321C5E1F5300611B4F /* BZUtils.h */ = {isa = PBXFileReference; fileEncoding = 4; lastKnownFileType = sourcecode.c.h; path = BZUtils.h; sourceTree = "<group>"; };
		CE0642331C5E1F5300611B4F /* BZUtils.m */ = {isa = PBXFileReference; fileEncoding = 4; lastKnownFileType = sourcecode.c.objc; path = BZUtils.m; sourceTree = "<group>"; };
		CE83B5BB1C5CB799008A798E /* BZTableHeader.h */ = {isa = PBXFileReference; fileEncoding = 4; lastKnownFileType = sourcecode.c.h; path = BZTableHeader.h; sourceTree = "<group>"; };
		CE83B5BC1C5CB799008A798E /* BZTableHeader.m */ = {isa = PBXFileReference; fileEncoding = 4; lastKnownFileType = sourcecode.c.objc; path = BZTableHeader.m; sourceTree = "<group>"; };
		CE83B5C11C5D5EEA008A798E /* BZQuestion+CoreDataProperties.h */ = {isa = PBXFileReference; fileEncoding = 4; lastKnownFileType = sourcecode.c.h; path = "BZQuestion+CoreDataProperties.h"; sourceTree = "<group>"; };
		CE83B5C21C5D5EEA008A798E /* BZQuestion+CoreDataProperties.m */ = {isa = PBXFileReference; fileEncoding = 4; lastKnownFileType = sourcecode.c.objc; path = "BZQuestion+CoreDataProperties.m"; sourceTree = "<group>"; };
		CEBE8DF01C5A79C800130D8C /* BZMenuCellCollectionViewCell.h */ = {isa = PBXFileReference; fileEncoding = 4; lastKnownFileType = sourcecode.c.h; path = BZMenuCellCollectionViewCell.h; sourceTree = "<group>"; };
		CEBE8DF11C5A79C800130D8C /* BZMenuCellCollectionViewCell.m */ = {isa = PBXFileReference; fileEncoding = 4; lastKnownFileType = sourcecode.c.objc; path = BZMenuCellCollectionViewCell.m; sourceTree = "<group>"; };
		CEBE8DF31C5ABB2B00130D8C /* BZTableCell.h */ = {isa = PBXFileReference; fileEncoding = 4; lastKnownFileType = sourcecode.c.h; path = BZTableCell.h; sourceTree = "<group>"; };
		CEBE8DF41C5ABB2B00130D8C /* BZTableCell.m */ = {isa = PBXFileReference; fileEncoding = 4; lastKnownFileType = sourcecode.c.objc; path = BZTableCell.m; sourceTree = "<group>"; };
/* End PBXFileReference section */

/* Begin PBXFrameworksBuildPhase section */
		CE02FAE01C59278C0014B3AA /* Frameworks */ = {
			isa = PBXFrameworksBuildPhase;
			buildActionMask = 2147483647;
			files = (
				B4E01C6E13A0EEA2EBC68CA9 /* libPods-TestTaskBZ.a in Frameworks */,
			);
			runOnlyForDeploymentPostprocessing = 0;
		};
		CE02FAFC1C59278C0014B3AA /* Frameworks */ = {
			isa = PBXFrameworksBuildPhase;
			buildActionMask = 2147483647;
			files = (
			);
			runOnlyForDeploymentPostprocessing = 0;
		};
		CE02FB071C59278C0014B3AA /* Frameworks */ = {
			isa = PBXFrameworksBuildPhase;
			buildActionMask = 2147483647;
			files = (
			);
			runOnlyForDeploymentPostprocessing = 0;
		};
/* End PBXFrameworksBuildPhase section */

/* Begin PBXGroup section */
		C2C5BE148C712047C3C3EB81 /* Pods */ = {
			isa = PBXGroup;
			children = (
				5821AFB1D5AC421E2B8741AA /* Pods-TestTaskBZ.debug.xcconfig */,
				2EEF423A0A86E4B56175DA6D /* Pods-TestTaskBZ.release.xcconfig */,
			);
			name = Pods;
			sourceTree = "<group>";
		};
		CE02FADA1C59278C0014B3AA = {
			isa = PBXGroup;
			children = (
				CE02FAE51C59278C0014B3AA /* TestTaskBZ */,
				CE02FB021C59278C0014B3AA /* TestTaskBZTests */,
				CE02FB0D1C59278C0014B3AA /* TestTaskBZUITests */,
				CE02FAE41C59278C0014B3AA /* Products */,
				C2C5BE148C712047C3C3EB81 /* Pods */,
				DFBC91D56DD5422987AFF371 /* Frameworks */,
			);
			sourceTree = "<group>";
		};
		CE02FAE41C59278C0014B3AA /* Products */ = {
			isa = PBXGroup;
			children = (
				CE02FAE31C59278C0014B3AA /* TestTaskBZ.app */,
				CE02FAFF1C59278C0014B3AA /* TestTaskBZTests.xctest */,
				CE02FB0A1C59278C0014B3AA /* TestTaskBZUITests.xctest */,
			);
			name = Products;
			sourceTree = "<group>";
		};
		CE02FAE51C59278C0014B3AA /* TestTaskBZ */ = {
			isa = PBXGroup;
			children = (
				CE0642371C5E548100611B4F /* UI */,
				CE0642361C5E547100611B4F /* Models */,
				CE02FAE91C59278C0014B3AA /* BZAppDelegate.h */,
				CE02FAEA1C59278C0014B3AA /* BZAppDelegate.m */,
				CE02FB451C59625A0014B3AA /* TestTaskBZ.sqlite */,
				CE02FAF51C59278C0014B3AA /* Assets.xcassets */,
				CE02FAFA1C59278C0014B3AA /* Info.plist */,
				CE02FAF21C59278C0014B3AA /* TestTaskBZ.xcdatamodeld */,
				CE02FAE61C59278C0014B3AA /* Supporting Files */,
				CE0642321C5E1F5300611B4F /* BZUtils.h */,
				CE0642331C5E1F5300611B4F /* BZUtils.m */,
			);
			path = TestTaskBZ;
			sourceTree = "<group>";
		};
		CE02FAE61C59278C0014B3AA /* Supporting Files */ = {
			isa = PBXGroup;
			children = (
				CE02FAE71C59278C0014B3AA /* main.m */,
			);
			name = "Supporting Files";
			sourceTree = "<group>";
		};
		CE02FB021C59278C0014B3AA /* TestTaskBZTests */ = {
			isa = PBXGroup;
			children = (
				CE02FB031C59278C0014B3AA /* TestTaskBZTests.m */,
				CE02FB051C59278C0014B3AA /* Info.plist */,
			);
			path = TestTaskBZTests;
			sourceTree = "<group>";
		};
		CE02FB0D1C59278C0014B3AA /* TestTaskBZUITests */ = {
			isa = PBXGroup;
			children = (
				CE02FB0E1C59278C0014B3AA /* TestTaskBZUITests.m */,
				CE02FB101C59278C0014B3AA /* Info.plist */,
			);
			path = TestTaskBZUITests;
			sourceTree = "<group>";
		};
		CE02FB431C593F360014B3AA /* BZCategory */ = {
			isa = PBXGroup;
			children = (
				CE02FB371C593EE10014B3AA /* BZCategory+CoreDataProperties.h */,
				CE02FB381C593EE10014B3AA /* BZCategory+CoreDataProperties.m */,
				CE02FB391C593EE10014B3AA /* BZCategory.h */,
				CE02FB3A1C593EE10014B3AA /* BZCategory.m */,
			);
			name = BZCategory;
			sourceTree = "<group>";
		};
		CE02FB441C593F4A0014B3AA /* BZQuestion */ = {
			isa = PBXGroup;
			children = (
				CE02FB3D1C593EE10014B3AA /* BZQuestion.h */,
				CE02FB3E1C593EE10014B3AA /* BZQuestion.m */,
				CE83B5C11C5D5EEA008A798E /* BZQuestion+CoreDataProperties.h */,
				CE83B5C21C5D5EEA008A798E /* BZQuestion+CoreDataProperties.m */,
			);
			name = BZQuestion;
			sourceTree = "<group>";
		};
		CE0642361C5E547100611B4F /* Models */ = {
			isa = PBXGroup;
			children = (
				CE02FB431C593F360014B3AA /* BZCategory */,
				CE02FB441C593F4A0014B3AA /* BZQuestion */,
			);
			name = Models;
			sourceTree = "<group>";
		};
		CE0642371C5E548100611B4F /* UI */ = {
			isa = PBXGroup;
			children = (
				CE0642381C5E54F800611B4F /* BZMainViewController */,
				CE0642391C5E550400611B4F /* BZMenuCellCollectionViewCell */,
				CE06423A1C5E551600611B4F /* BZTableCell */,
				CE06423B1C5E552500611B4F /* BZTableHeader */,
			);
			name = UI;
			sourceTree = "<group>";
		};
		CE0642381C5E54F800611B4F /* BZMainViewController */ = {
			isa = PBXGroup;
			children = (
				CE02FAEC1C59278C0014B3AA /* BZMainViewController.h */,
				CE02FAED1C59278C0014B3AA /* BZMainViewController.m */,
			);
			name = BZMainViewController;
			sourceTree = "<group>";
		};
		CE0642391C5E550400611B4F /* BZMenuCellCollectionViewCell */ = {
			isa = PBXGroup;
			children = (
				CEBE8DF01C5A79C800130D8C /* BZMenuCellCollectionViewCell.h */,
				CEBE8DF11C5A79C800130D8C /* BZMenuCellCollectionViewCell.m */,
			);
			name = BZMenuCellCollectionViewCell;
			sourceTree = "<group>";
		};
		CE06423A1C5E551600611B4F /* BZTableCell */ = {
			isa = PBXGroup;
			children = (
				CEBE8DF31C5ABB2B00130D8C /* BZTableCell.h */,
				CEBE8DF41C5ABB2B00130D8C /* BZTableCell.m */,
			);
			name = BZTableCell;
			sourceTree = "<group>";
		};
		CE06423B1C5E552500611B4F /* BZTableHeader */ = {
			isa = PBXGroup;
			children = (
				CE83B5BB1C5CB799008A798E /* BZTableHeader.h */,
				CE83B5BC1C5CB799008A798E /* BZTableHeader.m */,
			);
			name = BZTableHeader;
			sourceTree = "<group>";
		};
		DFBC91D56DD5422987AFF371 /* Frameworks */ = {
			isa = PBXGroup;
			children = (
				C56F797071631252F104FEAE /* libPods-TestTaskBZ.a */,
			);
			name = Frameworks;
			sourceTree = "<group>";
		};
/* End PBXGroup section */

/* Begin PBXNativeTarget section */
		CE02FAE21C59278C0014B3AA /* TestTaskBZ */ = {
			isa = PBXNativeTarget;
			buildConfigurationList = CE02FB131C59278C0014B3AA /* Build configuration list for PBXNativeTarget "TestTaskBZ" */;
			buildPhases = (
				DE3E1C54453FADEC98E854F8 /* Check Pods Manifest.lock */,
				CE02FADF1C59278C0014B3AA /* Sources */,
				CE02FAE01C59278C0014B3AA /* Frameworks */,
				CE02FAE11C59278C0014B3AA /* Resources */,
				4BE90C82579C23841AA7EFD5 /* Embed Pods Frameworks */,
				F9F4F98B6308FFEDB3E2E198 /* Copy Pods Resources */,
			);
			buildRules = (
			);
			dependencies = (
			);
			name = TestTaskBZ;
			productName = TestTaskBZ;
			productReference = CE02FAE31C59278C0014B3AA /* TestTaskBZ.app */;
			productType = "com.apple.product-type.application";
		};
		CE02FAFE1C59278C0014B3AA /* TestTaskBZTests */ = {
			isa = PBXNativeTarget;
			buildConfigurationList = CE02FB161C59278C0014B3AA /* Build configuration list for PBXNativeTarget "TestTaskBZTests" */;
			buildPhases = (
				CE02FAFB1C59278C0014B3AA /* Sources */,
				CE02FAFC1C59278C0014B3AA /* Frameworks */,
				CE02FAFD1C59278C0014B3AA /* Resources */,
			);
			buildRules = (
			);
			dependencies = (
				CE02FB011C59278C0014B3AA /* PBXTargetDependency */,
			);
			name = TestTaskBZTests;
			productName = TestTaskBZTests;
			productReference = CE02FAFF1C59278C0014B3AA /* TestTaskBZTests.xctest */;
			productType = "com.apple.product-type.bundle.unit-test";
		};
		CE02FB091C59278C0014B3AA /* TestTaskBZUITests */ = {
			isa = PBXNativeTarget;
			buildConfigurationList = CE02FB191C59278C0014B3AA /* Build configuration list for PBXNativeTarget "TestTaskBZUITests" */;
			buildPhases = (
				CE02FB061C59278C0014B3AA /* Sources */,
				CE02FB071C59278C0014B3AA /* Frameworks */,
				CE02FB081C59278C0014B3AA /* Resources */,
			);
			buildRules = (
			);
			dependencies = (
				CE02FB0C1C59278C0014B3AA /* PBXTargetDependency */,
			);
			name = TestTaskBZUITests;
			productName = TestTaskBZUITests;
			productReference = CE02FB0A1C59278C0014B3AA /* TestTaskBZUITests.xctest */;
			productType = "com.apple.product-type.bundle.ui-testing";
		};
/* End PBXNativeTarget section */

/* Begin PBXProject section */
		CE02FADB1C59278C0014B3AA /* Project object */ = {
			isa = PBXProject;
			attributes = {
				LastUpgradeCheck = 0720;
				ORGANIZATIONNAME = BZ;
				TargetAttributes = {
					CE02FAE21C59278C0014B3AA = {
						CreatedOnToolsVersion = 7.2;
						DevelopmentTeam = MR5E9K3P87;
					};
					CE02FAFE1C59278C0014B3AA = {
						CreatedOnToolsVersion = 7.2;
						DevelopmentTeam = MR5E9K3P87;
						TestTargetID = CE02FAE21C59278C0014B3AA;
					};
					CE02FB091C59278C0014B3AA = {
						CreatedOnToolsVersion = 7.2;
						DevelopmentTeam = MR5E9K3P87;
						TestTargetID = CE02FAE21C59278C0014B3AA;
					};
				};
			};
			buildConfigurationList = CE02FADE1C59278C0014B3AA /* Build configuration list for PBXProject "TestTaskBZ" */;
			compatibilityVersion = "Xcode 3.2";
			developmentRegion = English;
			hasScannedForEncodings = 0;
			knownRegions = (
				en,
				Base,
			);
			mainGroup = CE02FADA1C59278C0014B3AA;
			productRefGroup = CE02FAE41C59278C0014B3AA /* Products */;
			projectDirPath = "";
			projectRoot = "";
			targets = (
				CE02FAE21C59278C0014B3AA /* TestTaskBZ */,
				CE02FAFE1C59278C0014B3AA /* TestTaskBZTests */,
				CE02FB091C59278C0014B3AA /* TestTaskBZUITests */,
			);
		};
/* End PBXProject section */

/* Begin PBXResourcesBuildPhase section */
		CE02FAE11C59278C0014B3AA /* Resources */ = {
			isa = PBXResourcesBuildPhase;
			buildActionMask = 2147483647;
			files = (
				CE02FB461C59625A0014B3AA /* TestTaskBZ.sqlite in Resources */,
				CE02FAF61C59278C0014B3AA /* Assets.xcassets in Resources */,
			);
			runOnlyForDeploymentPostprocessing = 0;
		};
		CE02FAFD1C59278C0014B3AA /* Resources */ = {
			isa = PBXResourcesBuildPhase;
			buildActionMask = 2147483647;
			files = (
			);
			runOnlyForDeploymentPostprocessing = 0;
		};
		CE02FB081C59278C0014B3AA /* Resources */ = {
			isa = PBXResourcesBuildPhase;
			buildActionMask = 2147483647;
			files = (
			);
			runOnlyForDeploymentPostprocessing = 0;
		};
/* End PBXResourcesBuildPhase section */

/* Begin PBXShellScriptBuildPhase section */
		4BE90C82579C23841AA7EFD5 /* Embed Pods Frameworks */ = {
			isa = PBXShellScriptBuildPhase;
			buildActionMask = 2147483647;
			files = (
			);
			inputPaths = (
			);
			name = "Embed Pods Frameworks";
			outputPaths = (
			);
			runOnlyForDeploymentPostprocessing = 0;
			shellPath = /bin/sh;
			shellScript = "\"${SRCROOT}/Pods/Target Support Files/Pods-TestTaskBZ/Pods-TestTaskBZ-frameworks.sh\"\n";
			showEnvVarsInLog = 0;
		};
		DE3E1C54453FADEC98E854F8 /* Check Pods Manifest.lock */ = {
			isa = PBXShellScriptBuildPhase;
			buildActionMask = 2147483647;
			files = (
			);
			inputPaths = (
			);
			name = "Check Pods Manifest.lock";
			outputPaths = (
			);
			runOnlyForDeploymentPostprocessing = 0;
			shellPath = /bin/sh;
			shellScript = "diff \"${PODS_ROOT}/../Podfile.lock\" \"${PODS_ROOT}/Manifest.lock\" > /dev/null\nif [[ $? != 0 ]] ; then\n    cat << EOM\nerror: The sandbox is not in sync with the Podfile.lock. Run 'pod install' or update your CocoaPods installation.\nEOM\n    exit 1\nfi\n";
			showEnvVarsInLog = 0;
		};
		F9F4F98B6308FFEDB3E2E198 /* Copy Pods Resources */ = {
			isa = PBXShellScriptBuildPhase;
			buildActionMask = 2147483647;
			files = (
			);
			inputPaths = (
			);
			name = "Copy Pods Resources";
			outputPaths = (
			);
			runOnlyForDeploymentPostprocessing = 0;
			shellPath = /bin/sh;
			shellScript = "\"${SRCROOT}/Pods/Target Support Files/Pods-TestTaskBZ/Pods-TestTaskBZ-resources.sh\"\n";
			showEnvVarsInLog = 0;
		};
/* End PBXShellScriptBuildPhase section */

/* Begin PBXSourcesBuildPhase section */
		CE02FADF1C59278C0014B3AA /* Sources */ = {
			isa = PBXSourcesBuildPhase;
			buildActionMask = 2147483647;
			files = (
				CE02FAEE1C59278C0014B3AA /* BZMainViewController.m in Sources */,
				CEBE8DF51C5ABB2B00130D8C /* BZTableCell.m in Sources */,
				CE83B5BD1C5CB799008A798E /* BZTableHeader.m in Sources */,
				CE83B5C31C5D5EEA008A798E /* BZQuestion+CoreDataProperties.m in Sources */,
				CE02FAEB1C59278C0014B3AA /* BZAppDelegate.m in Sources */,
				CE02FAF41C59278C0014B3AA /* TestTaskBZ.xcdatamodeld in Sources */,
				CE0642341C5E1F5300611B4F /* BZUtils.m in Sources */,
				CE02FB421C593EE10014B3AA /* BZQuestion.m in Sources */,
				CEBE8DF21C5A79C800130D8C /* BZMenuCellCollectionViewCell.m in Sources */,
				CE02FB3F1C593EE10014B3AA /* BZCategory+CoreDataProperties.m in Sources */,
				CE02FAE81C59278C0014B3AA /* main.m in Sources */,
				CE02FB401C593EE10014B3AA /* BZCategory.m in Sources */,
			);
			runOnlyForDeploymentPostprocessing = 0;
		};
		CE02FAFB1C59278C0014B3AA /* Sources */ = {
			isa = PBXSourcesBuildPhase;
			buildActionMask = 2147483647;
			files = (
				CE02FB041C59278C0014B3AA /* TestTaskBZTests.m in Sources */,
			);
			runOnlyForDeploymentPostprocessing = 0;
		};
		CE02FB061C59278C0014B3AA /* Sources */ = {
			isa = PBXSourcesBuildPhase;
			buildActionMask = 2147483647;
			files = (
				CE02FB0F1C59278C0014B3AA /* TestTaskBZUITests.m in Sources */,
			);
			runOnlyForDeploymentPostprocessing = 0;
		};
/* End PBXSourcesBuildPhase section */

/* Begin PBXTargetDependency section */
		CE02FB011C59278C0014B3AA /* PBXTargetDependency */ = {
			isa = PBXTargetDependency;
			target = CE02FAE21C59278C0014B3AA /* TestTaskBZ */;
			targetProxy = CE02FB001C59278C0014B3AA /* PBXContainerItemProxy */;
		};
		CE02FB0C1C59278C0014B3AA /* PBXTargetDependency */ = {
			isa = PBXTargetDependency;
			target = CE02FAE21C59278C0014B3AA /* TestTaskBZ */;
			targetProxy = CE02FB0B1C59278C0014B3AA /* PBXContainerItemProxy */;
		};
/* End PBXTargetDependency section */

/* Begin XCBuildConfiguration section */
		CE02FB111C59278C0014B3AA /* Debug */ = {
			isa = XCBuildConfiguration;
			buildSettings = {
				ALWAYS_SEARCH_USER_PATHS = NO;
				CLANG_CXX_LANGUAGE_STANDARD = "gnu++0x";
				CLANG_CXX_LIBRARY = "libc++";
				CLANG_ENABLE_MODULES = YES;
				CLANG_ENABLE_OBJC_ARC = YES;
				CLANG_WARN_BOOL_CONVERSION = YES;
				CLANG_WARN_CONSTANT_CONVERSION = YES;
				CLANG_WARN_DIRECT_OBJC_ISA_USAGE = YES_ERROR;
				CLANG_WARN_EMPTY_BODY = YES;
				CLANG_WARN_ENUM_CONVERSION = YES;
				CLANG_WARN_INT_CONVERSION = YES;
				CLANG_WARN_OBJC_ROOT_CLASS = YES_ERROR;
				CLANG_WARN_UNREACHABLE_CODE = YES;
				CLANG_WARN__DUPLICATE_METHOD_MATCH = YES;
				"CODE_SIGN_IDENTITY[sdk=iphoneos*]" = "iPhone Developer";
				COPY_PHASE_STRIP = NO;
				DEBUG_INFORMATION_FORMAT = dwarf;
				ENABLE_STRICT_OBJC_MSGSEND = YES;
				ENABLE_TESTABILITY = YES;
				GCC_C_LANGUAGE_STANDARD = gnu99;
				GCC_DYNAMIC_NO_PIC = NO;
				GCC_NO_COMMON_BLOCKS = YES;
				GCC_OPTIMIZATION_LEVEL = 0;
				GCC_PREPROCESSOR_DEFINITIONS = (
					"DEBUG=1",
					"$(inherited)",
				);
				GCC_WARN_64_TO_32_BIT_CONVERSION = YES;
				GCC_WARN_ABOUT_RETURN_TYPE = YES_ERROR;
				GCC_WARN_UNDECLARED_SELECTOR = YES;
				GCC_WARN_UNINITIALIZED_AUTOS = YES_AGGRESSIVE;
				GCC_WARN_UNUSED_FUNCTION = YES;
				GCC_WARN_UNUSED_VARIABLE = YES;
				IPHONEOS_DEPLOYMENT_TARGET = 9.2;
				MTL_ENABLE_DEBUG_INFO = YES;
				ONLY_ACTIVE_ARCH = YES;
				SDKROOT = iphoneos;
				TARGETED_DEVICE_FAMILY = 2;
			};
			name = Debug;
		};
		CE02FB121C59278C0014B3AA /* Release */ = {
			isa = XCBuildConfiguration;
			buildSettings = {
				ALWAYS_SEARCH_USER_PATHS = NO;
				CLANG_CXX_LANGUAGE_STANDARD = "gnu++0x";
				CLANG_CXX_LIBRARY = "libc++";
				CLANG_ENABLE_MODULES = YES;
				CLANG_ENABLE_OBJC_ARC = YES;
				CLANG_WARN_BOOL_CONVERSION = YES;
				CLANG_WARN_CONSTANT_CONVERSION = YES;
				CLANG_WARN_DIRECT_OBJC_ISA_USAGE = YES_ERROR;
				CLANG_WARN_EMPTY_BODY = YES;
				CLANG_WARN_ENUM_CONVERSION = YES;
				CLANG_WARN_INT_CONVERSION = YES;
				CLANG_WARN_OBJC_ROOT_CLASS = YES_ERROR;
				CLANG_WARN_UNREACHABLE_CODE = YES;
				CLANG_WARN__DUPLICATE_METHOD_MATCH = YES;
				"CODE_SIGN_IDENTITY[sdk=iphoneos*]" = "iPhone Developer";
				COPY_PHASE_STRIP = NO;
				DEBUG_INFORMATION_FORMAT = "dwarf-with-dsym";
				ENABLE_NS_ASSERTIONS = NO;
				ENABLE_STRICT_OBJC_MSGSEND = YES;
				GCC_C_LANGUAGE_STANDARD = gnu99;
				GCC_NO_COMMON_BLOCKS = YES;
				GCC_WARN_64_TO_32_BIT_CONVERSION = YES;
				GCC_WARN_ABOUT_RETURN_TYPE = YES_ERROR;
				GCC_WARN_UNDECLARED_SELECTOR = YES;
				GCC_WARN_UNINITIALIZED_AUTOS = YES_AGGRESSIVE;
				GCC_WARN_UNUSED_FUNCTION = YES;
				GCC_WARN_UNUSED_VARIABLE = YES;
				IPHONEOS_DEPLOYMENT_TARGET = 9.2;
				MTL_ENABLE_DEBUG_INFO = NO;
				SDKROOT = iphoneos;
				TARGETED_DEVICE_FAMILY = 2;
				VALIDATE_PRODUCT = YES;
			};
			name = Release;
		};
		CE02FB141C59278C0014B3AA /* Debug */ = {
			isa = XCBuildConfiguration;
			baseConfigurationReference = 5821AFB1D5AC421E2B8741AA /* Pods-TestTaskBZ.debug.xcconfig */;
			buildSettings = {
				ASSETCATALOG_COMPILER_APPICON_NAME = AppIcon;
				CODE_SIGN_IDENTITY = "iPhone Developer";
				INFOPLIST_FILE = TestTaskBZ/Info.plist;
				IPHONEOS_DEPLOYMENT_TARGET = 8.0;
				LD_RUNPATH_SEARCH_PATHS = "$(inherited) @executable_path/Frameworks";
				PRODUCT_BUNDLE_IDENTIFIER = BZ.TestTaskBZ;
				PRODUCT_NAME = "$(TARGET_NAME)";
			};
			name = Debug;
		};
		CE02FB151C59278C0014B3AA /* Release */ = {
			isa = XCBuildConfiguration;
			baseConfigurationReference = 2EEF423A0A86E4B56175DA6D /* Pods-TestTaskBZ.release.xcconfig */;
			buildSettings = {
				ASSETCATALOG_COMPILER_APPICON_NAME = AppIcon;
				CODE_SIGN_IDENTITY = "iPhone Developer";
				INFOPLIST_FILE = TestTaskBZ/Info.plist;
				IPHONEOS_DEPLOYMENT_TARGET = 8.0;
				LD_RUNPATH_SEARCH_PATHS = "$(inherited) @executable_path/Frameworks";
				PRODUCT_BUNDLE_IDENTIFIER = BZ.TestTaskBZ;
				PRODUCT_NAME = "$(TARGET_NAME)";
			};
			name = Release;
		};
		CE02FB171C59278C0014B3AA /* Debug */ = {
			isa = XCBuildConfiguration;
			buildSettings = {
				BUNDLE_LOADER = "$(TEST_HOST)";
				INFOPLIST_FILE = TestTaskBZTests/Info.plist;
				LD_RUNPATH_SEARCH_PATHS = "$(inherited) @executable_path/Frameworks @loader_path/Frameworks";
				PRODUCT_BUNDLE_IDENTIFIER = BZ.TestTaskBZTests;
				PRODUCT_NAME = "$(TARGET_NAME)";
				TEST_HOST = "$(BUILT_PRODUCTS_DIR)/TestTaskBZ.app/TestTaskBZ";
			};
			name = Debug;
		};
		CE02FB181C59278C0014B3AA /* Release */ = {
			isa = XCBuildConfiguration;
			buildSettings = {
				BUNDLE_LOADER = "$(TEST_HOST)";
				INFOPLIST_FILE = TestTaskBZTests/Info.plist;
				LD_RUNPATH_SEARCH_PATHS = "$(inherited) @executable_path/Frameworks @loader_path/Frameworks";
				PRODUCT_BUNDLE_IDENTIFIER = BZ.TestTaskBZTests;
				PRODUCT_NAME = "$(TARGET_NAME)";
				TEST_HOST = "$(BUILT_PRODUCTS_DIR)/TestTaskBZ.app/TestTaskBZ";
			};
			name = Release;
		};
		CE02FB1A1C59278C0014B3AA /* Debug */ = {
			isa = XCBuildConfiguration;
			buildSettings = {
				INFOPLIST_FILE = TestTaskBZUITests/Info.plist;
				LD_RUNPATH_SEARCH_PATHS = "$(inherited) @executable_path/Frameworks @loader_path/Frameworks";
				PRODUCT_BUNDLE_IDENTIFIER = BZ.TestTaskBZUITests;
				PRODUCT_NAME = "$(TARGET_NAME)";
				TEST_TARGET_NAME = TestTaskBZ;
				USES_XCTRUNNER = YES;
			};
			name = Debug;
		};
		CE02FB1B1C59278C0014B3AA /* Release */ = {
			isa = XCBuildConfiguration;
			buildSettings = {
				INFOPLIST_FILE = TestTaskBZUITests/Info.plist;
				LD_RUNPATH_SEARCH_PATHS = "$(inherited) @executable_path/Frameworks @loader_path/Frameworks";
				PRODUCT_BUNDLE_IDENTIFIER = BZ.TestTaskBZUITests;
				PRODUCT_NAME = "$(TARGET_NAME)";
				TEST_TARGET_NAME = TestTaskBZ;
				USES_XCTRUNNER = YES;
			};
			name = Release;
		};
/* End XCBuildConfiguration section */

/* Begin XCConfigurationList section */
		CE02FADE1C59278C0014B3AA /* Build configuration list for PBXProject "TestTaskBZ" */ = {
			isa = XCConfigurationList;
			buildConfigurations = (
				CE02FB111C59278C0014B3AA /* Debug */,
				CE02FB121C59278C0014B3AA /* Release */,
			);
			defaultConfigurationIsVisible = 0;
			defaultConfigurationName = Release;
		};
		CE02FB131C59278C0014B3AA /* Build configuration list for PBXNativeTarget "TestTaskBZ" */ = {
			isa = XCConfigurationList;
			buildConfigurations = (
				CE02FB141C59278C0014B3AA /* Debug */,
				CE02FB151C59278C0014B3AA /* Release */,
			);
			defaultConfigurationIsVisible = 0;
			defaultConfigurationName = Release;
		};
		CE02FB161C59278C0014B3AA /* Build configuration list for PBXNativeTarget "TestTaskBZTests" */ = {
			isa = XCConfigurationList;
			buildConfigurations = (
				CE02FB171C59278C0014B3AA /* Debug */,
				CE02FB181C59278C0014B3AA /* Release */,
			);
			defaultConfigurationIsVisible = 0;
			defaultConfigurationName = Release;
		};
		CE02FB191C59278C0014B3AA /* Build configuration list for PBXNativeTarget "TestTaskBZUITests" */ = {
			isa = XCConfigurationList;
			buildConfigurations = (
				CE02FB1A1C59278C0014B3AA /* Debug */,
				CE02FB1B1C59278C0014B3AA /* Release */,
			);
			defaultConfigurationIsVisible = 0;
			defaultConfigurationName = Release;
		};
/* End XCConfigurationList section */

/* Begin XCVersionGroup section */
		CE02FAF21C59278C0014B3AA /* TestTaskBZ.xcdatamodeld */ = {
			isa = XCVersionGroup;
			children = (
				CE02FAF31C59278C0014B3AA /* TestTaskBZ.xcdatamodel */,
			);
			currentVersion = CE02FAF31C59278C0014B3AA /* TestTaskBZ.xcdatamodel */;
			path = TestTaskBZ.xcdatamodeld;
			sourceTree = "<group>";
			versionGroupType = wrapper.xcdatamodel;
		};
/* End XCVersionGroup section */
	};
	rootObject = CE02FADB1C59278C0014B3AA /* Project object */;
}
